// !$*UTF8*$!
{
	archiveVersion = 1;
	classes = {
	};
	objectVersion = 46;
	objects = {

/* Begin PBXBuildFile section */
		CD6D90E81BDDC3D1004A027C /* Coupon.m in Sources */ = {isa = PBXBuildFile; fileRef = CD6D90E41BDDC3D1004A027C /* Coupon.m */; };
		CD6D90E91BDDC3D1004A027C /* main.m in Sources */ = {isa = PBXBuildFile; fileRef = CD6D90E51BDDC3D1004A027C /* main.m */; };
		CD6D90EA1BDDC3D1004A027C /* NewCoupon.m in Sources */ = {isa = PBXBuildFile; fileRef = CD6D90E71BDDC3D1004A027C /* NewCoupon.m */; };
/* End PBXBuildFile section */

/* Begin PBXCopyFilesBuildPhase section */
		CD6D90D51BDDC35A004A027C /* CopyFiles */ = {
			isa = PBXCopyFilesBuildPhase;
			buildActionMask = 2147483647;
			dstPath = /usr/share/man/man1/;
			dstSubfolderSpec = 0;
			files = (
			);
			runOnlyForDeploymentPostprocessing = 1;
		};
/* End PBXCopyFilesBuildPhase section */

/* Begin PBXFileReference section */
		CD6D90D71BDDC35A004A027C /* CouponDispenser */ = {isa = PBXFileReference; explicitFileType = "compiled.mach-o.executable"; includeInIndex = 0; path = CouponDispenser; sourceTree = BUILT_PRODUCTS_DIR; };
		CD6D90E31BDDC3D1004A027C /* Coupon.h */ = {isa = PBXFileReference; fileEncoding = 4; lastKnownFileType = sourcecode.c.h; path = Coupon.h; sourceTree = "<group>"; };
		CD6D90E41BDDC3D1004A027C /* Coupon.m */ = {isa = PBXFileReference; fileEncoding = 4; lastKnownFileType = sourcecode.c.objc; path = Coupon.m; sourceTree = "<group>"; };
		CD6D90E51BDDC3D1004A027C /* main.m */ = {isa = PBXFileReference; fileEncoding = 4; lastKnownFileType = sourcecode.c.objc; path = main.m; sourceTree = "<group>"; };
		CD6D90E61BDDC3D1004A027C /* NewCoupon.h */ = {isa = PBXFileReference; fileEncoding = 4; lastKnownFileType = sourcecode.c.h; path = NewCoupon.h; sourceTree = "<group>"; };
		CD6D90E71BDDC3D1004A027C /* NewCoupon.m */ = {isa = PBXFileReference; fileEncoding = 4; lastKnownFileType = sourcecode.c.objc; path = NewCoupon.m; sourceTree = "<group>"; };
/* End PBXFileReference section */

/* Begin PBXFrameworksBuildPhase section */
		CD6D90D41BDDC35A004A027C /* Frameworks */ = {
			isa = PBXFrameworksBuildPhase;
			buildActionMask = 2147483647;
			files = (
			);
			runOnlyForDeploymentPostprocessing = 0;
		};
/* End PBXFrameworksBuildPhase section */

/* Begin PBXGroup section */
		CD6D90CE1BDDC35A004A027C = {
			isa = PBXGroup;
			children = (
				CD6D90D91BDDC35A004A027C /* CouponDispenser */,
				CD6D90D81BDDC35A004A027C /* Products */,
			);
			sourceTree = "<group>";
		};
		CD6D90D81BDDC35A004A027C /* Products */ = {
			isa = PBXGroup;
			children = (
				CD6D90D71BDDC35A004A027C /* CouponDispenser */,
			);
			name = Products;
			sourceTree = "<group>";
		};
		CD6D90D91BDDC35A004A027C /* CouponDispenser */ = {
			isa = PBXGroup;
			children = (
				CD6D90E31BDDC3D1004A027C /* Coupon.h */,
				CD6D90E41BDDC3D1004A027C /* Coupon.m */,
				CD6D90E51BDDC3D1004A027C /* main.m */,
				CD6D90E61BDDC3D1004A027C /* NewCoupon.h */,
				CD6D90E71BDDC3D1004A027C /* NewCoupon.m */,
			);
			path = CouponDispenser;
			sourceTree = "<group>";
		};
/* End PBXGroup section */

/* Begin PBXNativeTarget section */
		CD6D90D61BDDC35A004A027C /* CouponDispenser */ = {
			isa = PBXNativeTarget;
			buildConfigurationList = CD6D90DE1BDDC35A004A027C /* Build configuration list for PBXNativeTarget "CouponDispenser" */;
			buildPhases = (
				CD6D90D31BDDC35A004A027C /* Sources */,
				CD6D90D41BDDC35A004A027C /* Frameworks */,
				CD6D90D51BDDC35A004A027C /* CopyFiles */,
			);
			buildRules = (
			);
			dependencies = (
			);
			name = CouponDispenser;
			productName = CouponDispenser;
			productReference = CD6D90D71BDDC35A004A027C /* CouponDispenser */;
			productType = "com.apple.product-type.tool";
		};
/* End PBXNativeTarget section */

/* Begin PBXProject section */
		CD6D90CF1BDDC35A004A027C /* Project object */ = {
			isa = PBXProject;
			attributes = {
				LastUpgradeCheck = 0710;
				ORGANIZATIONNAME = YrionPlus;
				TargetAttributes = {
					CD6D90D61BDDC35A004A027C = {
						CreatedOnToolsVersion = 7.1;
					};
				};
			};
			buildConfigurationList = CD6D90D21BDDC35A004A027C /* Build configuration list for PBXProject "CouponDispenser" */;
			compatibilityVersion = "Xcode 3.2";
			developmentRegion = English;
			hasScannedForEncodings = 0;
			knownRegions = (
				en,
			);
			mainGroup = CD6D90CE1BDDC35A004A027C;
			productRefGroup = CD6D90D81BDDC35A004A027C /* Products */;
			projectDirPath = "";
			projectRoot = "";
			targets = (
				CD6D90D61BDDC35A004A027C /* CouponDispenser */,
			);
		};
/* End PBXProject section */

/* Begin PBXSourcesBuildPhase section */
		CD6D90D31BDDC35A004A027C /* Sources */ = {
			isa = PBXSourcesBuildPhase;
			buildActionMask = 2147483647;
			files = (
				CD6D90EA1BDDC3D1004A027C /* NewCoupon.m in Sources */,
				CD6D90E91BDDC3D1004A027C /* main.m in Sources */,
				CD6D90E81BDDC3D1004A027C /* Coupon.m in Sources */,
			);
			runOnlyForDeploymentPostprocessing = 0;
		};
/* End PBXSourcesBuildPhase section */

/* Begin XCBuildConfiguration section */
		CD6D90DC1BDDC35A004A027C /* Debug */ = {
			isa = XCBuildConfiguration;
			buildSettings = {
				ALWAYS_SEARCH_USER_PATHS = NO;
				CLANG_CXX_LANGUAGE_STANDARD = "gnu++0x";
				CLANG_CXX_LIBRARY = "libc++";
				CLANG_ENABLE_MODULES = YES;
				CLANG_ENABLE_OBJC_ARC = NO;
				CLANG_WARN_BOOL_CONVERSION = YES;
				CLANG_WARN_CONSTANT_CONVERSION = YES;
				CLANG_WARN_DIRECT_OBJC_ISA_USAGE = YES_ERROR;
				CLANG_WARN_EMPTY_BODY = YES;
				CLANG_WARN_ENUM_CONVERSION = YES;
				CLANG_WARN_INT_CONVERSION = YES;
				CLANG_WARN_OBJC_ROOT_CLASS = YES_ERROR;
				CLANG_WARN_UNREACHABLE_CODE = YES;
				CLANG_WARN__DUPLICATE_METHOD_MATCH = YES;
				CODE_SIGN_IDENTITY = "-";
				COPY_PHASE_STRIP = NO;
				DEBUG_INFORMATION_FORMAT = dwarf;
				ENABLE_STRICT_OBJC_MSGSEND = YES;
				ENABLE_TESTABILITY = YES;
				GCC_C_LANGUAGE_STANDARD = gnu99;
				GCC_DYNAMIC_NO_PIC = NO;
				GCC_NO_COMMON_BLOCKS = YES;
				GCC_OPTIMIZATION_LEVEL = 0;
				GCC_PREPROCESSOR_DEFINITIONS = (
					"DEBUG=1",
					"$(inherited)",
				);
				GCC_WARN_64_TO_32_BIT_CONVERSION = YES;
				GCC_WARN_ABOUT_RETURN_TYPE = YES_ERROR;
				GCC_WARN_UNDECLARED_SELECTOR = YES;
				GCC_WARN_UNINITIALIZED_AUTOS = YES_AGGRESSIVE;
				GCC_WARN_UNUSED_FUNCTION = YES;
				GCC_WARN_UNUSED_VARIABLE = YES;
				MACOSX_DEPLOYMENT_TARGET = 10.11;
				MTL_ENABLE_DEBUG_INFO = YES;
				ONLY_ACTIVE_ARCH = YES;
				SDKROOT = macosx;
			};
			name = Debug;
		};
		CD6D90DD1BDDC35A004A027C /* Release */ = {
			isa = XCBuildConfiguration;
			buildSettings = {
				ALWAYS_SEARCH_USER_PATHS = NO;
				CLANG_CXX_LANGUAGE_STANDARD = "gnu++0x";
				CLANG_CXX_LIBRARY = "libc++";
				CLANG_ENABLE_MODULES = YES;
				CLANG_ENABLE_OBJC_ARC = NO;
				CLANG_WARN_BOOL_CONVERSION = YES;
				CLANG_WARN_CONSTANT_CONVERSION = YES;
				CLANG_WARN_DIRECT_OBJC_ISA_USAGE = YES_ERROR;
				CLANG_WARN_EMPTY_BODY = YES;
				CLANG_WARN_ENUM_CONVERSION = YES;
				CLANG_WARN_INT_CONVERSION = YES;
				CLANG_WARN_OBJC_ROOT_CLASS = YES_ERROR;
				CLANG_WARN_UNREACHABLE_CODE = YES;
				CLANG_WARN__DUPLICATE_METHOD_MATCH = YES;
				CODE_SIGN_IDENTITY = "-";
				COPY_PHASE_STRIP = NO;
				DEBUG_INFORMATION_FORMAT = "dwarf-with-dsym";
				ENABLE_NS_ASSERTIONS = NO;
				ENABLE_STRICT_OBJC_MSGSEND = YES;
				GCC_C_LANGUAGE_STANDARD = gnu99;
				GCC_NO_COMMON_BLOCKS = YES;
				GCC_WARN_64_TO_32_BIT_CONVERSION = YES;
				GCC_WARN_ABOUT_RETURN_TYPE = YES_ERROR;
				GCC_WARN_UNDECLARED_SELECTOR = YES;
				GCC_WARN_UNINITIALIZED_AUTOS = YES_AGGRESSIVE;
				GCC_WARN_UNUSED_FUNCTION = YES;
				GCC_WARN_UNUSED_VARIABLE = YES;
				MACOSX_DEPLOYMENT_TARGET = 10.11;
				MTL_ENABLE_DEBUG_INFO = NO;
				SDKROOT = macosx;
			};
			name = Release;
		};
		CD6D90DF1BDDC35A004A027C /* Debug */ = {
			isa = XCBuildConfiguration;
			buildSettings = {
				PRODUCT_NAME = "$(TARGET_NAME)";
			};
			name = Debug;
		};
		CD6D90E01BDDC35A004A027C /* Release */ = {
			isa = XCBuildConfiguration;
			buildSettings = {
				PRODUCT_NAME = "$(TARGET_NAME)";
			};
			name = Release;
		};
/* End XCBuildConfiguration section */

/* Begin XCConfigurationList section */
		CD6D90D21BDDC35A004A027C /* Build configuration list for PBXProject "CouponDispenser" */ = {
			isa = XCConfigurationList;
			buildConfigurations = (
				CD6D90DC1BDDC35A004A027C /* Debug */,
				CD6D90DD1BDDC35A004A027C /* Release */,
			);
			defaultConfigurationIsVisible = 0;
			defaultConfigurationName = Release;
		};
		CD6D90DE1BDDC35A004A027C /* Build configuration list for PBXNativeTarget "CouponDispenser" */ = {
			isa = XCConfigurationList;
			buildConfigurations = (
				CD6D90DF1BDDC35A004A027C /* Debug */,
				CD6D90E01BDDC35A004A027C /* Release */,
			);
			defaultConfigurationIsVisible = 0;
		};
/* End XCConfigurationList section */
	};
	rootObject = CD6D90CF1BDDC35A004A027C /* Project object */;
}
